// !$*UTF8*$!
{
	archiveVersion = 1;
	classes = {
	};
	objectVersion = 77;
	objects = {

/* Begin PBXBuildFile section */
		C017DEEE2D9E5BA800F1870E /* SnapKit in Frameworks */ = {isa = PBXBuildFile; productRef = C017DEED2D9E5BA800F1870E /* SnapKit */; };
/* End PBXBuildFile section */

/* Begin PBXContainerItemProxy section */
		C017DECF2D9E4AB200F1870E /* PBXContainerItemProxy */ = {
			isa = PBXContainerItemProxy;
			containerPortal = C017DEB02D9E4AB100F1870E /* Project object */;
			proxyType = 1;
			remoteGlobalIDString = C017DEB72D9E4AB100F1870E;
			remoteInfo = "유승한 계산기";
		};
		C017DED92D9E4AB200F1870E /* PBXContainerItemProxy */ = {
			isa = PBXContainerItemProxy;
			containerPortal = C017DEB02D9E4AB100F1870E /* Project object */;
			proxyType = 1;
			remoteGlobalIDString = C017DEB72D9E4AB100F1870E;
			remoteInfo = "유승한 계산기";
		};
/* End PBXContainerItemProxy section */

/* Begin PBXFileReference section */
		C017DEB82D9E4AB100F1870E /* 유승한 계산기.app */ = {isa = PBXFileReference; explicitFileType = wrapper.application; includeInIndex = 0; path = "유승한 계산기.app"; sourceTree = BUILT_PRODUCTS_DIR; };
		C017DECE2D9E4AB200F1870E /* 유승한 계산기Tests.xctest */ = {isa = PBXFileReference; explicitFileType = wrapper.cfbundle; includeInIndex = 0; path = "유승한 계산기Tests.xctest"; sourceTree = BUILT_PRODUCTS_DIR; };
		C017DED82D9E4AB200F1870E /* 유승한 계산기UITests.xctest */ = {isa = PBXFileReference; explicitFileType = wrapper.cfbundle; includeInIndex = 0; path = "유승한 계산기UITests.xctest"; sourceTree = BUILT_PRODUCTS_DIR; };
/* End PBXFileReference section */

/* Begin PBXFileSystemSynchronizedBuildFileExceptionSet section */
		C017DEE02D9E4AB200F1870E /* Exceptions for "유승한 계산기" folder in "유승한 계산기" target */ = {
			isa = PBXFileSystemSynchronizedBuildFileExceptionSet;
			membershipExceptions = (
				Info.plist,
			);
			target = C017DEB72D9E4AB100F1870E /* 유승한 계산기 */;
		};
/* End PBXFileSystemSynchronizedBuildFileExceptionSet section */

/* Begin PBXFileSystemSynchronizedRootGroup section */
		C017DEBA2D9E4AB100F1870E /* 유승한 계산기 */ = {
			isa = PBXFileSystemSynchronizedRootGroup;
			exceptions = (
				C017DEE02D9E4AB200F1870E /* Exceptions for "유승한 계산기" folder in "유승한 계산기" target */,
			);
			path = "유승한 계산기";
			sourceTree = "<group>";
		};
		C017DED12D9E4AB200F1870E /* 유승한 계산기Tests */ = {
			isa = PBXFileSystemSynchronizedRootGroup;
			path = "유승한 계산기Tests";
			sourceTree = "<group>";
		};
		C017DEDB2D9E4AB200F1870E /* 유승한 계산기UITests */ = {
			isa = PBXFileSystemSynchronizedRootGroup;
			path = "유승한 계산기UITests";
			sourceTree = "<group>";
		};
/* End PBXFileSystemSynchronizedRootGroup section */

/* Begin PBXFrameworksBuildPhase section */
		C017DEB52D9E4AB100F1870E /* Frameworks */ = {
			isa = PBXFrameworksBuildPhase;
			buildActionMask = 2147483647;
			files = (
				C017DEEE2D9E5BA800F1870E /* SnapKit in Frameworks */,
			);
			runOnlyForDeploymentPostprocessing = 0;
		};
		C017DECB2D9E4AB200F1870E /* Frameworks */ = {
			isa = PBXFrameworksBuildPhase;
			buildActionMask = 2147483647;
			files = (
			);
			runOnlyForDeploymentPostprocessing = 0;
		};
		C017DED52D9E4AB200F1870E /* Frameworks */ = {
			isa = PBXFrameworksBuildPhase;
			buildActionMask = 2147483647;
			files = (
			);
			runOnlyForDeploymentPostprocessing = 0;
		};
/* End PBXFrameworksBuildPhase section */

/* Begin PBXGroup section */
		C017DEAF2D9E4AB100F1870E = {
			isa = PBXGroup;
			children = (
				C017DEBA2D9E4AB100F1870E /* 유승한 계산기 */,
				C017DED12D9E4AB200F1870E /* 유승한 계산기Tests */,
				C017DEDB2D9E4AB200F1870E /* 유승한 계산기UITests */,
				C017DEB92D9E4AB100F1870E /* Products */,
			);
			sourceTree = "<group>";
		};
		C017DEB92D9E4AB100F1870E /* Products */ = {
			isa = PBXGroup;
			children = (
				C017DEB82D9E4AB100F1870E /* 유승한 계산기.app */,
				C017DECE2D9E4AB200F1870E /* 유승한 계산기Tests.xctest */,
				C017DED82D9E4AB200F1870E /* 유승한 계산기UITests.xctest */,
			);
			name = Products;
			sourceTree = "<group>";
		};
/* End PBXGroup section */

/* Begin PBXNativeTarget section */
		C017DEB72D9E4AB100F1870E /* 유승한 계산기 */ = {
			isa = PBXNativeTarget;
			buildConfigurationList = C017DEE12D9E4AB200F1870E /* Build configuration list for PBXNativeTarget "유승한 계산기" */;
			buildPhases = (
				C017DEB42D9E4AB100F1870E /* Sources */,
				C017DEB52D9E4AB100F1870E /* Frameworks */,
				C017DEB62D9E4AB100F1870E /* Resources */,
			);
			buildRules = (
			);
			dependencies = (
			);
			fileSystemSynchronizedGroups = (
				C017DEBA2D9E4AB100F1870E /* 유승한 계산기 */,
			);
			name = "유승한 계산기";
			packageProductDependencies = (
				C017DEED2D9E5BA800F1870E /* SnapKit */,
			);
			productName = "유승한 계산기";
			productReference = C017DEB82D9E4AB100F1870E /* 유승한 계산기.app */;
			productType = "com.apple.product-type.application";
		};
		C017DECD2D9E4AB200F1870E /* 유승한 계산기Tests */ = {
			isa = PBXNativeTarget;
			buildConfigurationList = C017DEE62D9E4AB200F1870E /* Build configuration list for PBXNativeTarget "유승한 계산기Tests" */;
			buildPhases = (
				C017DECA2D9E4AB200F1870E /* Sources */,
				C017DECB2D9E4AB200F1870E /* Frameworks */,
				C017DECC2D9E4AB200F1870E /* Resources */,
			);
			buildRules = (
			);
			dependencies = (
				C017DED02D9E4AB200F1870E /* PBXTargetDependency */,
			);
			fileSystemSynchronizedGroups = (
				C017DED12D9E4AB200F1870E /* 유승한 계산기Tests */,
			);
			name = "유승한 계산기Tests";
			packageProductDependencies = (
			);
			productName = "유승한 계산기Tests";
			productReference = C017DECE2D9E4AB200F1870E /* 유승한 계산기Tests.xctest */;
			productType = "com.apple.product-type.bundle.unit-test";
		};
		C017DED72D9E4AB200F1870E /* 유승한 계산기UITests */ = {
			isa = PBXNativeTarget;
			buildConfigurationList = C017DEE92D9E4AB200F1870E /* Build configuration list for PBXNativeTarget "유승한 계산기UITests" */;
			buildPhases = (
				C017DED42D9E4AB200F1870E /* Sources */,
				C017DED52D9E4AB200F1870E /* Frameworks */,
				C017DED62D9E4AB200F1870E /* Resources */,
			);
			buildRules = (
			);
			dependencies = (
				C017DEDA2D9E4AB200F1870E /* PBXTargetDependency */,
			);
			fileSystemSynchronizedGroups = (
				C017DEDB2D9E4AB200F1870E /* 유승한 계산기UITests */,
			);
			name = "유승한 계산기UITests";
			packageProductDependencies = (
			);
			productName = "유승한 계산기UITests";
			productReference = C017DED82D9E4AB200F1870E /* 유승한 계산기UITests.xctest */;
			productType = "com.apple.product-type.bundle.ui-testing";
		};
/* End PBXNativeTarget section */

/* Begin PBXProject section */
		C017DEB02D9E4AB100F1870E /* Project object */ = {
			isa = PBXProject;
			attributes = {
				BuildIndependentTargetsInParallel = 1;
				LastSwiftUpdateCheck = 1620;
				LastUpgradeCheck = 1620;
				TargetAttributes = {
					C017DEB72D9E4AB100F1870E = {
						CreatedOnToolsVersion = 16.2;
					};
					C017DECD2D9E4AB200F1870E = {
						CreatedOnToolsVersion = 16.2;
						TestTargetID = C017DEB72D9E4AB100F1870E;
					};
					C017DED72D9E4AB200F1870E = {
						CreatedOnToolsVersion = 16.2;
						TestTargetID = C017DEB72D9E4AB100F1870E;
					};
				};
			};
			buildConfigurationList = C017DEB32D9E4AB100F1870E /* Build configuration list for PBXProject "유승한 계산기" */;
			developmentRegion = en;
			hasScannedForEncodings = 0;
			knownRegions = (
				en,
				Base,
			);
			mainGroup = C017DEAF2D9E4AB100F1870E;
			minimizedProjectReferenceProxies = 1;
			packageReferences = (
				C017DEEC2D9E5BA800F1870E /* XCRemoteSwiftPackageReference "SnapKit" */,
			);
			preferredProjectObjectVersion = 77;
			productRefGroup = C017DEB92D9E4AB100F1870E /* Products */;
			projectDirPath = "";
			projectRoot = "";
			targets = (
				C017DEB72D9E4AB100F1870E /* 유승한 계산기 */,
				C017DECD2D9E4AB200F1870E /* 유승한 계산기Tests */,
				C017DED72D9E4AB200F1870E /* 유승한 계산기UITests */,
			);
		};
/* End PBXProject section */

/* Begin PBXResourcesBuildPhase section */
		C017DEB62D9E4AB100F1870E /* Resources */ = {
			isa = PBXResourcesBuildPhase;
			buildActionMask = 2147483647;
			files = (
			);
			runOnlyForDeploymentPostprocessing = 0;
		};
		C017DECC2D9E4AB200F1870E /* Resources */ = {
			isa = PBXResourcesBuildPhase;
			buildActionMask = 2147483647;
			files = (
			);
			runOnlyForDeploymentPostprocessing = 0;
		};
		C017DED62D9E4AB200F1870E /* Resources */ = {
			isa = PBXResourcesBuildPhase;
			buildActionMask = 2147483647;
			files = (
			);
			runOnlyForDeploymentPostprocessing = 0;
		};
/* End PBXResourcesBuildPhase section */

/* Begin PBXSourcesBuildPhase section */
		C017DEB42D9E4AB100F1870E /* Sources */ = {
			isa = PBXSourcesBuildPhase;
			buildActionMask = 2147483647;
			files = (
			);
			runOnlyForDeploymentPostprocessing = 0;
		};
		C017DECA2D9E4AB200F1870E /* Sources */ = {
			isa = PBXSourcesBuildPhase;
			buildActionMask = 2147483647;
			files = (
			);
			runOnlyForDeploymentPostprocessing = 0;
		};
		C017DED42D9E4AB200F1870E /* Sources */ = {
			isa = PBXSourcesBuildPhase;
			buildActionMask = 2147483647;
			files = (
			);
			runOnlyForDeploymentPostprocessing = 0;
		};
/* End PBXSourcesBuildPhase section */

/* Begin PBXTargetDependency section */
		C017DED02D9E4AB200F1870E /* PBXTargetDependency */ = {
			isa = PBXTargetDependency;
			target = C017DEB72D9E4AB100F1870E /* 유승한 계산기 */;
			targetProxy = C017DECF2D9E4AB200F1870E /* PBXContainerItemProxy */;
		};
		C017DEDA2D9E4AB200F1870E /* PBXTargetDependency */ = {
			isa = PBXTargetDependency;
			target = C017DEB72D9E4AB100F1870E /* 유승한 계산기 */;
			targetProxy = C017DED92D9E4AB200F1870E /* PBXContainerItemProxy */;
		};
/* End PBXTargetDependency section */

/* Begin XCBuildConfiguration section */
		C017DEE22D9E4AB200F1870E /* Debug */ = {
			isa = XCBuildConfiguration;
			buildSettings = {
				ASSETCATALOG_COMPILER_APPICON_NAME = AppIcon;
				ASSETCATALOG_COMPILER_GLOBAL_ACCENT_COLOR_NAME = AccentColor;
				CODE_SIGN_STYLE = Automatic;
				CURRENT_PROJECT_VERSION = 1;
				GENERATE_INFOPLIST_FILE = YES;
				INFOPLIST_FILE = "유승한 계산기/Info.plist";
				INFOPLIST_KEY_UIApplicationSupportsIndirectInputEvents = YES;
				INFOPLIST_KEY_UILaunchStoryboardName = LaunchScreen;
				INFOPLIST_KEY_UISupportedInterfaceOrientations_iPad = "UIInterfaceOrientationPortrait UIInterfaceOrientationPortraitUpsideDown UIInterfaceOrientationLandscapeLeft UIInterfaceOrientationLandscapeRight";
				INFOPLIST_KEY_UISupportedInterfaceOrientations_iPhone = "UIInterfaceOrientationPortrait UIInterfaceOrientationLandscapeLeft UIInterfaceOrientationLandscapeRight";
				LD_RUNPATH_SEARCH_PATHS = (
					"$(inherited)",
					"@executable_path/Frameworks",
				);
				MARKETING_VERSION = 1.0;
				PRODUCT_BUNDLE_IDENTIFIER = "com.Seung.----------------";
				PRODUCT_NAME = "$(TARGET_NAME)";
				SWIFT_EMIT_LOC_STRINGS = YES;
				SWIFT_VERSION = 5.0;
				TARGETED_DEVICE_FAMILY = "1,2";
			};
			name = Debug;
		};
		C017DEE32D9E4AB200F1870E /* Release */ = {
			isa = XCBuildConfiguration;
			buildSettings = {
				ASSETCATALOG_COMPILER_APPICON_NAME = AppIcon;
				ASSETCATALOG_COMPILER_GLOBAL_ACCENT_COLOR_NAME = AccentColor;
				CODE_SIGN_STYLE = Automatic;
				CURRENT_PROJECT_VERSION = 1;
				GENERATE_INFOPLIST_FILE = YES;
				INFOPLIST_FILE = "유승한 계산기/Info.plist";
				INFOPLIST_KEY_UIApplicationSupportsIndirectInputEvents = YES;
				INFOPLIST_KEY_UILaunchStoryboardName = LaunchScreen;
				INFOPLIST_KEY_UISupportedInterfaceOrientations_iPad = "UIInterfaceOrientationPortrait UIInterfaceOrientationPortraitUpsideDown UIInterfaceOrientationLandscapeLeft UIInterfaceOrientationLandscapeRight";
				INFOPLIST_KEY_UISupportedInterfaceOrientations_iPhone = "UIInterfaceOrientationPortrait UIInterfaceOrientationLandscapeLeft UIInterfaceOrientationLandscapeRight";
				LD_RUNPATH_SEARCH_PATHS = (
					"$(inherited)",
					"@executable_path/Frameworks",
				);
				MARKETING_VERSION = 1.0;
				PRODUCT_BUNDLE_IDENTIFIER = "com.Seung.----------------";
				PRODUCT_NAME = "$(TARGET_NAME)";
				SWIFT_EMIT_LOC_STRINGS = YES;
				SWIFT_VERSION = 5.0;
				TARGETED_DEVICE_FAMILY = "1,2";
			};
			name = Release;
		};
		C017DEE42D9E4AB200F1870E /* Debug */ = {
			isa = XCBuildConfiguration;
			buildSettings = {
				ALWAYS_SEARCH_USER_PATHS = NO;
				ASSETCATALOG_COMPILER_GENERATE_SWIFT_ASSET_SYMBOL_EXTENSIONS = YES;
				CLANG_ANALYZER_NONNULL = YES;
				CLANG_ANALYZER_NUMBER_OBJECT_CONVERSION = YES_AGGRESSIVE;
				CLANG_CXX_LANGUAGE_STANDARD = "gnu++20";
				CLANG_ENABLE_MODULES = YES;
				CLANG_ENABLE_OBJC_ARC = YES;
				CLANG_ENABLE_OBJC_WEAK = YES;
				CLANG_WARN_BLOCK_CAPTURE_AUTORELEASING = YES;
				CLANG_WARN_BOOL_CONVERSION = YES;
				CLANG_WARN_COMMA = YES;
				CLANG_WARN_CONSTANT_CONVERSION = YES;
				CLANG_WARN_DEPRECATED_OBJC_IMPLEMENTATIONS = YES;
				CLANG_WARN_DIRECT_OBJC_ISA_USAGE = YES_ERROR;
				CLANG_WARN_DOCUMENTATION_COMMENTS = YES;
				CLANG_WARN_EMPTY_BODY = YES;
				CLANG_WARN_ENUM_CONVERSION = YES;
				CLANG_WARN_INFINITE_RECURSION = YES;
				CLANG_WARN_INT_CONVERSION = YES;
				CLANG_WARN_NON_LITERAL_NULL_CONVERSION = YES;
				CLANG_WARN_OBJC_IMPLICIT_RETAIN_SELF = YES;
				CLANG_WARN_OBJC_LITERAL_CONVERSION = YES;
				CLANG_WARN_OBJC_ROOT_CLASS = YES_ERROR;
				CLANG_WARN_QUOTED_INCLUDE_IN_FRAMEWORK_HEADER = YES;
				CLANG_WARN_RANGE_LOOP_ANALYSIS = YES;
				CLANG_WARN_STRICT_PROTOTYPES = YES;
				CLANG_WARN_SUSPICIOUS_MOVE = YES;
				CLANG_WARN_UNGUARDED_AVAILABILITY = YES_AGGRESSIVE;
				CLANG_WARN_UNREACHABLE_CODE = YES;
				CLANG_WARN__DUPLICATE_METHOD_MATCH = YES;
				COPY_PHASE_STRIP = NO;
				DEBUG_INFORMATION_FORMAT = dwarf;
				ENABLE_STRICT_OBJC_MSGSEND = YES;
				ENABLE_TESTABILITY = YES;
				ENABLE_USER_SCRIPT_SANDBOXING = YES;
				GCC_C_LANGUAGE_STANDARD = gnu17;
				GCC_DYNAMIC_NO_PIC = NO;
				GCC_NO_COMMON_BLOCKS = YES;
				GCC_OPTIMIZATION_LEVEL = 0;
				GCC_PREPROCESSOR_DEFINITIONS = (
					"DEBUG=1",
					"$(inherited)",
				);
				GCC_WARN_64_TO_32_BIT_CONVERSION = YES;
				GCC_WARN_ABOUT_RETURN_TYPE = YES_ERROR;
				GCC_WARN_UNDECLARED_SELECTOR = YES;
				GCC_WARN_UNINITIALIZED_AUTOS = YES_AGGRESSIVE;
				GCC_WARN_UNUSED_FUNCTION = YES;
				GCC_WARN_UNUSED_VARIABLE = YES;
				IPHONEOS_DEPLOYMENT_TARGET = 18.2;
				LOCALIZATION_PREFERS_STRING_CATALOGS = YES;
				MTL_ENABLE_DEBUG_INFO = INCLUDE_SOURCE;
				MTL_FAST_MATH = YES;
				ONLY_ACTIVE_ARCH = YES;
				SDKROOT = iphoneos;
				SWIFT_ACTIVE_COMPILATION_CONDITIONS = "DEBUG $(inherited)";
				SWIFT_OPTIMIZATION_LEVEL = "-Onone";
			};
			name = Debug;
		};
		C017DEE52D9E4AB200F1870E /* Release */ = {
			isa = XCBuildConfiguration;
			buildSettings = {
				ALWAYS_SEARCH_USER_PATHS = NO;
				ASSETCATALOG_COMPILER_GENERATE_SWIFT_ASSET_SYMBOL_EXTENSIONS = YES;
				CLANG_ANALYZER_NONNULL = YES;
				CLANG_ANALYZER_NUMBER_OBJECT_CONVERSION = YES_AGGRESSIVE;
				CLANG_CXX_LANGUAGE_STANDARD = "gnu++20";
				CLANG_ENABLE_MODULES = YES;
				CLANG_ENABLE_OBJC_ARC = YES;
				CLANG_ENABLE_OBJC_WEAK = YES;
				CLANG_WARN_BLOCK_CAPTURE_AUTORELEASING = YES;
				CLANG_WARN_BOOL_CONVERSION = YES;
				CLANG_WARN_COMMA = YES;
				CLANG_WARN_CONSTANT_CONVERSION = YES;
				CLANG_WARN_DEPRECATED_OBJC_IMPLEMENTATIONS = YES;
				CLANG_WARN_DIRECT_OBJC_ISA_USAGE = YES_ERROR;
				CLANG_WARN_DOCUMENTATION_COMMENTS = YES;
				CLANG_WARN_EMPTY_BODY = YES;
				CLANG_WARN_ENUM_CONVERSION = YES;
				CLANG_WARN_INFINITE_RECURSION = YES;
				CLANG_WARN_INT_CONVERSION = YES;
				CLANG_WARN_NON_LITERAL_NULL_CONVERSION = YES;
				CLANG_WARN_OBJC_IMPLICIT_RETAIN_SELF = YES;
				CLANG_WARN_OBJC_LITERAL_CONVERSION = YES;
				CLANG_WARN_OBJC_ROOT_CLASS = YES_ERROR;
				CLANG_WARN_QUOTED_INCLUDE_IN_FRAMEWORK_HEADER = YES;
				CLANG_WARN_RANGE_LOOP_ANALYSIS = YES;
				CLANG_WARN_STRICT_PROTOTYPES = YES;
				CLANG_WARN_SUSPICIOUS_MOVE = YES;
				CLANG_WARN_UNGUARDED_AVAILABILITY = YES_AGGRESSIVE;
				CLANG_WARN_UNREACHABLE_CODE = YES;
				CLANG_WARN__DUPLICATE_METHOD_MATCH = YES;
				COPY_PHASE_STRIP = NO;
				DEBUG_INFORMATION_FORMAT = "dwarf-with-dsym";
				ENABLE_NS_ASSERTIONS = NO;
				ENABLE_STRICT_OBJC_MSGSEND = YES;
				ENABLE_USER_SCRIPT_SANDBOXING = YES;
				GCC_C_LANGUAGE_STANDARD = gnu17;
				GCC_NO_COMMON_BLOCKS = YES;
				GCC_WARN_64_TO_32_BIT_CONVERSION = YES;
				GCC_WARN_ABOUT_RETURN_TYPE = YES_ERROR;
				GCC_WARN_UNDECLARED_SELECTOR = YES;
				GCC_WARN_UNINITIALIZED_AUTOS = YES_AGGRESSIVE;
				GCC_WARN_UNUSED_FUNCTION = YES;
				GCC_WARN_UNUSED_VARIABLE = YES;
				IPHONEOS_DEPLOYMENT_TARGET = 18.2;
				LOCALIZATION_PREFERS_STRING_CATALOGS = YES;
				MTL_ENABLE_DEBUG_INFO = NO;
				MTL_FAST_MATH = YES;
				SDKROOT = iphoneos;
				SWIFT_COMPILATION_MODE = wholemodule;
				VALIDATE_PRODUCT = YES;
			};
			name = Release;
		};
		C017DEE72D9E4AB200F1870E /* Debug */ = {
			isa = XCBuildConfiguration;
			buildSettings = {
				BUNDLE_LOADER = "$(TEST_HOST)";
				CODE_SIGN_STYLE = Automatic;
				CURRENT_PROJECT_VERSION = 1;
				GENERATE_INFOPLIST_FILE = YES;
				IPHONEOS_DEPLOYMENT_TARGET = 18.2;
				MARKETING_VERSION = 1.0;
				PRODUCT_BUNDLE_IDENTIFIER = "com.Seung.----------------Tests";
				PRODUCT_NAME = "$(TARGET_NAME)";
				SWIFT_EMIT_LOC_STRINGS = NO;
				SWIFT_VERSION = 5.0;
				TARGETED_DEVICE_FAMILY = "1,2";
				TEST_HOST = "$(BUILT_PRODUCTS_DIR)/유승한 계산기.app/$(BUNDLE_EXECUTABLE_FOLDER_PATH)/유승한 계산기";
			};
			name = Debug;
		};
		C017DEE82D9E4AB200F1870E /* Release */ = {
			isa = XCBuildConfiguration;
			buildSettings = {
				BUNDLE_LOADER = "$(TEST_HOST)";
				CODE_SIGN_STYLE = Automatic;
				CURRENT_PROJECT_VERSION = 1;
				GENERATE_INFOPLIST_FILE = YES;
				IPHONEOS_DEPLOYMENT_TARGET = 18.2;
				MARKETING_VERSION = 1.0;
				PRODUCT_BUNDLE_IDENTIFIER = "com.Seung.----------------Tests";
				PRODUCT_NAME = "$(TARGET_NAME)";
				SWIFT_EMIT_LOC_STRINGS = NO;
				SWIFT_VERSION = 5.0;
				TARGETED_DEVICE_FAMILY = "1,2";
				TEST_HOST = "$(BUILT_PRODUCTS_DIR)/유승한 계산기.app/$(BUNDLE_EXECUTABLE_FOLDER_PATH)/유승한 계산기";
			};
			name = Release;
		};
		C017DEEA2D9E4AB200F1870E /* Debug */ = {
			isa = XCBuildConfiguration;
			buildSettings = {
				CODE_SIGN_STYLE = Automatic;
				CURRENT_PROJECT_VERSION = 1;
				GENERATE_INFOPLIST_FILE = YES;
				MARKETING_VERSION = 1.0;
				PRODUCT_BUNDLE_IDENTIFIER = "com.Seung.----------------UITests";
				PRODUCT_NAME = "$(TARGET_NAME)";
				SWIFT_EMIT_LOC_STRINGS = NO;
				SWIFT_VERSION = 5.0;
				TARGETED_DEVICE_FAMILY = "1,2";
				TEST_TARGET_NAME = "유승한 계산기";
			};
			name = Debug;
		};
		C017DEEB2D9E4AB200F1870E /* Release */ = {
			isa = XCBuildConfiguration;
			buildSettings = {
				CODE_SIGN_STYLE = Automatic;
				CURRENT_PROJECT_VERSION = 1;
				GENERATE_INFOPLIST_FILE = YES;
				MARKETING_VERSION = 1.0;
				PRODUCT_BUNDLE_IDENTIFIER = "com.Seung.----------------UITests";
				PRODUCT_NAME = "$(TARGET_NAME)";
				SWIFT_EMIT_LOC_STRINGS = NO;
				SWIFT_VERSION = 5.0;
				TARGETED_DEVICE_FAMILY = "1,2";
				TEST_TARGET_NAME = "유승한 계산기";
			};
			name = Release;
		};
/* End XCBuildConfiguration section */

/* Begin XCConfigurationList section */
		C017DEB32D9E4AB100F1870E /* Build configuration list for PBXProject "유승한 계산기" */ = {
			isa = XCConfigurationList;
			buildConfigurations = (
				C017DEE42D9E4AB200F1870E /* Debug */,
				C017DEE52D9E4AB200F1870E /* Release */,
			);
			defaultConfigurationIsVisible = 0;
			defaultConfigurationName = Release;
		};
		C017DEE12D9E4AB200F1870E /* Build configuration list for PBXNativeTarget "유승한 계산기" */ = {
			isa = XCConfigurationList;
			buildConfigurations = (
				C017DEE22D9E4AB200F1870E /* Debug */,
				C017DEE32D9E4AB200F1870E /* Release */,
			);
			defaultConfigurationIsVisible = 0;
			defaultConfigurationName = Release;
		};
		C017DEE62D9E4AB200F1870E /* Build configuration list for PBXNativeTarget "유승한 계산기Tests" */ = {
			isa = XCConfigurationList;
			buildConfigurations = (
				C017DEE72D9E4AB200F1870E /* Debug */,
				C017DEE82D9E4AB200F1870E /* Release */,
			);
			defaultConfigurationIsVisible = 0;
			defaultConfigurationName = Release;
		};
		C017DEE92D9E4AB200F1870E /* Build configuration list for PBXNativeTarget "유승한 계산기UITests" */ = {
			isa = XCConfigurationList;
			buildConfigurations = (
				C017DEEA2D9E4AB200F1870E /* Debug */,
				C017DEEB2D9E4AB200F1870E /* Release */,
			);
			defaultConfigurationIsVisible = 0;
			defaultConfigurationName = Release;
		};
/* End XCConfigurationList section */

/* Begin XCRemoteSwiftPackageReference section */
		C017DEEC2D9E5BA800F1870E /* XCRemoteSwiftPackageReference "SnapKit" */ = {
			isa = XCRemoteSwiftPackageReference;
			repositoryURL = "https://github.com/SnapKit/SnapKit.git";
			requirement = {
				kind = upToNextMajorVersion;
				minimumVersion = 5.7.1;
			};
		};
/* End XCRemoteSwiftPackageReference section */

/* Begin XCSwiftPackageProductDependency section */
		C017DEED2D9E5BA800F1870E /* SnapKit */ = {
			isa = XCSwiftPackageProductDependency;
			package = C017DEEC2D9E5BA800F1870E /* XCRemoteSwiftPackageReference "SnapKit" */;
			productName = SnapKit;
		};
/* End XCSwiftPackageProductDependency section */
	};
	rootObject = C017DEB02D9E4AB100F1870E /* Project object */;
}
